
Microsoft Visual Studio Solution File, Format Version 12.00
Project("{FAE04EC0-301F-11D3-BF4B-00C04F79EFBC}") = "Strategy", "Strategy\Strategy.csproj", "{19DE3A6D-2B43-4945-B545-561D4CFE2C18}"
EndProject
Project("{2150E333-8FDC-42A3-9474-1A3956D46DE8}") = "01 - Strategy", "01 - Strategy", "{40084827-4AB7-47FE-B915-F90A0FE6C718}"
EndProject
Global
	GlobalSection(SolutionConfigurationPlatforms) = preSolution
		Debug|Any CPU = Debug|Any CPU
		Release|Any CPU = Release|Any CPU
	EndGlobalSection
	GlobalSection(ProjectConfigurationPlatforms) = postSolution
		{19DE3A6D-2B43-4945-B545-561D4CFE2C18}.Debug|Any CPU.ActiveCfg = Debug|Any CPU
		{19DE3A6D-2B43-4945-B545-561D4CFE2C18}.Debug|Any CPU.Build.0 = Debug|Any CPU
		{19DE3A6D-2B43-4945-B545-561D4CFE2C18}.Release|Any CPU.ActiveCfg = Release|Any CPU
		{19DE3A6D-2B43-4945-B545-561D4CFE2C18}.Release|Any CPU.Build.0 = Release|Any CPU
	EndGlobalSection
	GlobalSection(NestedProjects) = preSolution
		{19DE3A6D-2B43-4945-B545-561D4CFE2C18} = {40084827-4AB7-47FE-B915-F90A0FE6C718}
	EndGlobalSection
EndGlobal
