
Microsoft Visual Studio Solution File, Format Version 12.00
Project("{FAE04EC0-301F-11D3-BF4B-00C04F79EFBC}") = "Strategy", "Strategy\Strategy.csproj", "{19DE3A6D-2B43-4945-B545-561D4CFE2C18}"
EndProject
Project("{2150E333-8FDC-42A3-9474-1A3956D46DE8}") = "01 - Strategy", "01 - Strategy", "{40084827-4AB7-47FE-B915-F90A0FE6C718}"
EndProject
Project("{FAE04EC0-301F-11D3-BF4B-00C04F79EFBC}") = "ObserverWithDotnetInterfaces", "ObserverWithDotnetInterfaces\ObserverWithDotnetInterfaces.csproj", "{FB081022-07BD-42A7-8CF2-3DD43E7CB150}"
EndProject
Project("{2150E333-8FDC-42A3-9474-1A3956D46DE8}") = "02 - Observer", "02 - Observer", "{EF4503CF-C1E8-46B2-8EA8-649C88EA39E7}"
EndProject
Project("{FAE04EC0-301F-11D3-BF4B-00C04F79EFBC}") = "ObserverSimple", "ObserverSimple\ObserverSimple.csproj", "{74CC501F-674E-4CD1-968D-4BF6D3822245}"
EndProject
Project("{2150E333-8FDC-42A3-9474-1A3956D46DE8}") = "03 - Decorator", "03 - Decorator", "{8C9B3809-080F-4CB5-BADA-05B1AEB83BD2}"
EndProject
Project("{FAE04EC0-301F-11D3-BF4B-00C04F79EFBC}") = "Decorator", "Decorator\Decorator.csproj", "{A0D19FE0-2204-44B2-A3E8-83AF5B0AE1C8}"
EndProject
Project("{2150E333-8FDC-42A3-9474-1A3956D46DE8}") = "04 - Factory", "04 - Factory", "{9BD07828-F210-4FCA-AD33-1AE831E6C250}"
EndProject
Project("{FAE04EC0-301F-11D3-BF4B-00C04F79EFBC}") = "PizzaStoreWithSimpleFactory", "PizzaStoreWithSimpleFactory\PizzaStoreWithSimpleFactory.csproj", "{5BF73ADC-4BA4-41D0-B8BA-47FBE7BF4825}"
EndProject
Project("{FAE04EC0-301F-11D3-BF4B-00C04F79EFBC}") = "PizzaStoreWithFactoryMethod", "PizzaStoreWithFactoryMethod\PizzaStoreWithFactoryMethod.csproj", "{ADD8CD84-37FB-4BCA-9CF1-5605DAC18A3D}"
EndProject
Global
	GlobalSection(SolutionConfigurationPlatforms) = preSolution
		Debug|Any CPU = Debug|Any CPU
		Release|Any CPU = Release|Any CPU
	EndGlobalSection
	GlobalSection(ProjectConfigurationPlatforms) = postSolution
		{19DE3A6D-2B43-4945-B545-561D4CFE2C18}.Debug|Any CPU.ActiveCfg = Debug|Any CPU
		{19DE3A6D-2B43-4945-B545-561D4CFE2C18}.Debug|Any CPU.Build.0 = Debug|Any CPU
		{19DE3A6D-2B43-4945-B545-561D4CFE2C18}.Release|Any CPU.ActiveCfg = Release|Any CPU
		{19DE3A6D-2B43-4945-B545-561D4CFE2C18}.Release|Any CPU.Build.0 = Release|Any CPU
		{FB081022-07BD-42A7-8CF2-3DD43E7CB150}.Debug|Any CPU.ActiveCfg = Debug|Any CPU
		{FB081022-07BD-42A7-8CF2-3DD43E7CB150}.Debug|Any CPU.Build.0 = Debug|Any CPU
		{FB081022-07BD-42A7-8CF2-3DD43E7CB150}.Release|Any CPU.ActiveCfg = Release|Any CPU
		{FB081022-07BD-42A7-8CF2-3DD43E7CB150}.Release|Any CPU.Build.0 = Release|Any CPU
		{74CC501F-674E-4CD1-968D-4BF6D3822245}.Debug|Any CPU.ActiveCfg = Debug|Any CPU
		{74CC501F-674E-4CD1-968D-4BF6D3822245}.Debug|Any CPU.Build.0 = Debug|Any CPU
		{74CC501F-674E-4CD1-968D-4BF6D3822245}.Release|Any CPU.ActiveCfg = Release|Any CPU
		{74CC501F-674E-4CD1-968D-4BF6D3822245}.Release|Any CPU.Build.0 = Release|Any CPU
		{A0D19FE0-2204-44B2-A3E8-83AF5B0AE1C8}.Debug|Any CPU.ActiveCfg = Debug|Any CPU
		{A0D19FE0-2204-44B2-A3E8-83AF5B0AE1C8}.Debug|Any CPU.Build.0 = Debug|Any CPU
		{A0D19FE0-2204-44B2-A3E8-83AF5B0AE1C8}.Release|Any CPU.ActiveCfg = Release|Any CPU
		{A0D19FE0-2204-44B2-A3E8-83AF5B0AE1C8}.Release|Any CPU.Build.0 = Release|Any CPU
		{5BF73ADC-4BA4-41D0-B8BA-47FBE7BF4825}.Debug|Any CPU.ActiveCfg = Debug|Any CPU
		{5BF73ADC-4BA4-41D0-B8BA-47FBE7BF4825}.Debug|Any CPU.Build.0 = Debug|Any CPU
		{5BF73ADC-4BA4-41D0-B8BA-47FBE7BF4825}.Release|Any CPU.ActiveCfg = Release|Any CPU
		{5BF73ADC-4BA4-41D0-B8BA-47FBE7BF4825}.Release|Any CPU.Build.0 = Release|Any CPU
		{ADD8CD84-37FB-4BCA-9CF1-5605DAC18A3D}.Debug|Any CPU.ActiveCfg = Debug|Any CPU
		{ADD8CD84-37FB-4BCA-9CF1-5605DAC18A3D}.Debug|Any CPU.Build.0 = Debug|Any CPU
		{ADD8CD84-37FB-4BCA-9CF1-5605DAC18A3D}.Release|Any CPU.ActiveCfg = Release|Any CPU
		{ADD8CD84-37FB-4BCA-9CF1-5605DAC18A3D}.Release|Any CPU.Build.0 = Release|Any CPU
	EndGlobalSection
	GlobalSection(NestedProjects) = preSolution
		{19DE3A6D-2B43-4945-B545-561D4CFE2C18} = {40084827-4AB7-47FE-B915-F90A0FE6C718}
		{FB081022-07BD-42A7-8CF2-3DD43E7CB150} = {EF4503CF-C1E8-46B2-8EA8-649C88EA39E7}
		{74CC501F-674E-4CD1-968D-4BF6D3822245} = {EF4503CF-C1E8-46B2-8EA8-649C88EA39E7}
		{A0D19FE0-2204-44B2-A3E8-83AF5B0AE1C8} = {8C9B3809-080F-4CB5-BADA-05B1AEB83BD2}
		{5BF73ADC-4BA4-41D0-B8BA-47FBE7BF4825} = {9BD07828-F210-4FCA-AD33-1AE831E6C250}
		{ADD8CD84-37FB-4BCA-9CF1-5605DAC18A3D} = {9BD07828-F210-4FCA-AD33-1AE831E6C250}
	EndGlobalSection
EndGlobal
